// !$*UTF8*$!
{
	archiveVersion = 1;
	classes = {
	};
	objectVersion = 50;
	objects = {

/* Begin PBXBuildFile section */
		791D0FDC22CD99C600B6BFFF /* AppDelegate.swift in Sources */ = {isa = PBXBuildFile; fileRef = 791D0FDB22CD99C600B6BFFF /* AppDelegate.swift */; };
		791D0FDE22CD99C600B6BFFF /* ViewController.swift in Sources */ = {isa = PBXBuildFile; fileRef = 791D0FDD22CD99C600B6BFFF /* ViewController.swift */; };
		791D0FE122CD99C600B6BFFF /* Main.storyboard in Resources */ = {isa = PBXBuildFile; fileRef = 791D0FDF22CD99C600B6BFFF /* Main.storyboard */; };
		791D0FE322CD99C700B6BFFF /* Assets.xcassets in Resources */ = {isa = PBXBuildFile; fileRef = 791D0FE222CD99C700B6BFFF /* Assets.xcassets */; };
		791D0FE622CD99C700B6BFFF /* LaunchScreen.storyboard in Resources */ = {isa = PBXBuildFile; fileRef = 791D0FE422CD99C700B6BFFF /* LaunchScreen.storyboard */; };
		7951940722CD9FAD00F4ABEB /* CategoryCell.swift in Sources */ = {isa = PBXBuildFile; fileRef = 7951940622CD9FAD00F4ABEB /* CategoryCell.swift */; };
/* End PBXBuildFile section */

/* Begin PBXFileReference section */
		791D0FD822CD99C600B6BFFF /* PresentingData.app */ = {isa = PBXFileReference; explicitFileType = wrapper.application; includeInIndex = 0; path = PresentingData.app; sourceTree = BUILT_PRODUCTS_DIR; };
		791D0FDB22CD99C600B6BFFF /* AppDelegate.swift */ = {isa = PBXFileReference; lastKnownFileType = sourcecode.swift; path = AppDelegate.swift; sourceTree = "<group>"; };
		791D0FDD22CD99C600B6BFFF /* ViewController.swift */ = {isa = PBXFileReference; lastKnownFileType = sourcecode.swift; path = ViewController.swift; sourceTree = "<group>"; };
		791D0FE022CD99C600B6BFFF /* Base */ = {isa = PBXFileReference; lastKnownFileType = file.storyboard; name = Base; path = Base.lproj/Main.storyboard; sourceTree = "<group>"; };
		791D0FE222CD99C700B6BFFF /* Assets.xcassets */ = {isa = PBXFileReference; lastKnownFileType = folder.assetcatalog; path = Assets.xcassets; sourceTree = "<group>"; };
		791D0FE522CD99C700B6BFFF /* Base */ = {isa = PBXFileReference; lastKnownFileType = file.storyboard; name = Base; path = Base.lproj/LaunchScreen.storyboard; sourceTree = "<group>"; };
		791D0FE722CD99C700B6BFFF /* Info.plist */ = {isa = PBXFileReference; lastKnownFileType = text.plist.xml; path = Info.plist; sourceTree = "<group>"; };
		7951940622CD9FAD00F4ABEB /* CategoryCell.swift */ = {isa = PBXFileReference; lastKnownFileType = sourcecode.swift; path = CategoryCell.swift; sourceTree = "<group>"; };
/* End PBXFileReference section */

/* Begin PBXFrameworksBuildPhase section */
		791D0FD522CD99C600B6BFFF /* Frameworks */ = {
			isa = PBXFrameworksBuildPhase;
			buildActionMask = 2147483647;
			files = (
			);
			runOnlyForDeploymentPostprocessing = 0;
		};
/* End PBXFrameworksBuildPhase section */

/* Begin PBXGroup section */
		791D0FCF22CD99C600B6BFFF = {
			isa = PBXGroup;
			children = (
				791D0FDA22CD99C600B6BFFF /* PresentingData */,
				791D0FD922CD99C600B6BFFF /* Products */,
			);
			sourceTree = "<group>";
		};
		791D0FD922CD99C600B6BFFF /* Products */ = {
			isa = PBXGroup;
			children = (
				791D0FD822CD99C600B6BFFF /* PresentingData.app */,
			);
			name = Products;
			sourceTree = "<group>";
		};
		791D0FDA22CD99C600B6BFFF /* PresentingData */ = {
			isa = PBXGroup;
			children = (
				791D0FDB22CD99C600B6BFFF /* AppDelegate.swift */,
				791D0FDD22CD99C600B6BFFF /* ViewController.swift */,
				791D0FDF22CD99C600B6BFFF /* Main.storyboard */,
				7951940622CD9FAD00F4ABEB /* CategoryCell.swift */,
				791D0FE222CD99C700B6BFFF /* Assets.xcassets */,
				791D0FE422CD99C700B6BFFF /* LaunchScreen.storyboard */,
				791D0FE722CD99C700B6BFFF /* Info.plist */,
			);
			path = PresentingData;
			sourceTree = "<group>";
		};
/* End PBXGroup section */

/* Begin PBXNativeTarget section */
		791D0FD722CD99C600B6BFFF /* PresentingData */ = {
			isa = PBXNativeTarget;
			buildConfigurationList = 791D0FEA22CD99C700B6BFFF /* Build configuration list for PBXNativeTarget "PresentingData" */;
			buildPhases = (
				791D0FD422CD99C600B6BFFF /* Sources */,
				791D0FD522CD99C600B6BFFF /* Frameworks */,
				791D0FD622CD99C600B6BFFF /* Resources */,
			);
			buildRules = (
			);
			dependencies = (
			);
			name = PresentingData;
			productName = PresentingData;
			productReference = 791D0FD822CD99C600B6BFFF /* PresentingData.app */;
			productType = "com.apple.product-type.application";
		};
/* End PBXNativeTarget section */

/* Begin PBXProject section */
		791D0FD022CD99C600B6BFFF /* Project object */ = {
			isa = PBXProject;
			attributes = {
				LastSwiftUpdateCheck = 1020;
				LastUpgradeCheck = 1020;
				ORGANIZATIONNAME = "Risma Fadillah";
				TargetAttributes = {
					791D0FD722CD99C600B6BFFF = {
						CreatedOnToolsVersion = 10.2.1;
					};
				};
			};
			buildConfigurationList = 791D0FD322CD99C600B6BFFF /* Build configuration list for PBXProject "PresentingData" */;
			compatibilityVersion = "Xcode 9.3";
			developmentRegion = en;
			hasScannedForEncodings = 0;
			knownRegions = (
				en,
				Base,
			);
			mainGroup = 791D0FCF22CD99C600B6BFFF;
			productRefGroup = 791D0FD922CD99C600B6BFFF /* Products */;
			projectDirPath = "";
			projectRoot = "";
			targets = (
				791D0FD722CD99C600B6BFFF /* PresentingData */,
			);
		};
/* End PBXProject section */

/* Begin PBXResourcesBuildPhase section */
		791D0FD622CD99C600B6BFFF /* Resources */ = {
			isa = PBXResourcesBuildPhase;
			buildActionMask = 2147483647;
			files = (
				791D0FE622CD99C700B6BFFF /* LaunchScreen.storyboard in Resources */,
				791D0FE322CD99C700B6BFFF /* Assets.xcassets in Resources */,
				791D0FE122CD99C600B6BFFF /* Main.storyboard in Resources */,
			);
			runOnlyForDeploymentPostprocessing = 0;
		};
/* End PBXResourcesBuildPhase section */

/* Begin PBXSourcesBuildPhase section */
		791D0FD422CD99C600B6BFFF /* Sources */ = {
			isa = PBXSourcesBuildPhase;
			buildActionMask = 2147483647;
			files = (
				791D0FDE22CD99C600B6BFFF /* ViewController.swift in Sources */,
				791D0FDC22CD99C600B6BFFF /* AppDelegate.swift in Sources */,
				7951940722CD9FAD00F4ABEB /* CategoryCell.swift in Sources */,
			);
			runOnlyForDeploymentPostprocessing = 0;
		};
/* End PBXSourcesBuildPhase section */

/* Begin PBXVariantGroup section */
		791D0FDF22CD99C600B6BFFF /* Main.storyboard */ = {
			isa = PBXVariantGroup;
			children = (
				791D0FE022CD99C600B6BFFF /* Base */,
			);
			name = Main.storyboard;
			sourceTree = "<group>";
		};
		791D0FE422CD99C700B6BFFF /* LaunchScreen.storyboard */ = {
			isa = PBXVariantGroup;
			children = (
				791D0FE522CD99C700B6BFFF /* Base */,
			);
			name = LaunchScreen.storyboard;
			sourceTree = "<group>";
		};
/* End PBXVariantGroup section */

/* Begin XCBuildConfiguration section */
		791D0FE822CD99C700B6BFFF /* Debug */ = {
			isa = XCBuildConfiguration;
			buildSettings = {
				ALWAYS_SEARCH_USER_PATHS = NO;
				CLANG_ANALYZER_NONNULL = YES;
				CLANG_ANALYZER_NUMBER_OBJECT_CONVERSION = YES_AGGRESSIVE;
				CLANG_CXX_LANGUAGE_STANDARD = "gnu++14";
				CLANG_CXX_LIBRARY = "libc++";
				CLANG_ENABLE_MODULES = YES;
				CLANG_ENABLE_OBJC_ARC = YES;
				CLANG_ENABLE_OBJC_WEAK = YES;
				CLANG_WARN_BLOCK_CAPTURE_AUTORELEASING = YES;
				CLANG_WARN_BOOL_CONVERSION = YES;
				CLANG_WARN_COMMA = YES;
				CLANG_WARN_CONSTANT_CONVERSION = YES;
				CLANG_WARN_DEPRECATED_OBJC_IMPLEMENTATIONS = YES;
				CLANG_WARN_DIRECT_OBJC_ISA_USAGE = YES_ERROR;
				CLANG_WARN_DOCUMENTATION_COMMENTS = YES;
				CLANG_WARN_EMPTY_BODY = YES;
				CLANG_WARN_ENUM_CONVERSION = YES;
				CLANG_WARN_INFINITE_RECURSION = YES;
				CLANG_WARN_INT_CONVERSION = YES;
				CLANG_WARN_NON_LITERAL_NULL_CONVERSION = YES;
				CLANG_WARN_OBJC_IMPLICIT_RETAIN_SELF = YES;
				CLANG_WARN_OBJC_LITERAL_CONVERSION = YES;
				CLANG_WARN_OBJC_ROOT_CLASS = YES_ERROR;
				CLANG_WARN_RANGE_LOOP_ANALYSIS = YES;
				CLANG_WARN_STRICT_PROTOTYPES = YES;
				CLANG_WARN_SUSPICIOUS_MOVE = YES;
				CLANG_WARN_UNGUARDED_AVAILABILITY = YES_AGGRESSIVE;
				CLANG_WARN_UNREACHABLE_CODE = YES;
				CLANG_WARN__DUPLICATE_METHOD_MATCH = YES;
				CODE_SIGN_IDENTITY = "iPhone Developer";
				COPY_PHASE_STRIP = NO;
				DEBUG_INFORMATION_FORMAT = dwarf;
				ENABLE_STRICT_OBJC_MSGSEND = YES;
				ENABLE_TESTABILITY = YES;
				GCC_C_LANGUAGE_STANDARD = gnu11;
				GCC_DYNAMIC_NO_PIC = NO;
				GCC_NO_COMMON_BLOCKS = YES;
				GCC_OPTIMIZATION_LEVEL = 0;
				GCC_PREPROCESSOR_DEFINITIONS = (
					"DEBUG=1",
					"$(inherited)",
				);
				GCC_WARN_64_TO_32_BIT_CONVERSION = YES;
				GCC_WARN_ABOUT_RETURN_TYPE = YES_ERROR;
				GCC_WARN_UNDECLARED_SELECTOR = YES;
				GCC_WARN_UNINITIALIZED_AUTOS = YES_AGGRESSIVE;
				GCC_WARN_UNUSED_FUNCTION = YES;
				GCC_WARN_UNUSED_VARIABLE = YES;
				IPHONEOS_DEPLOYMENT_TARGET = 12.2;
				MTL_ENABLE_DEBUG_INFO = INCLUDE_SOURCE;
				MTL_FAST_MATH = YES;
				ONLY_ACTIVE_ARCH = YES;
				SDKROOT = iphoneos;
				SWIFT_ACTIVE_COMPILATION_CONDITIONS = DEBUG;
				SWIFT_OPTIMIZATION_LEVEL = "-Onone";
			};
			name = Debug;
		};
		791D0FE922CD99C700B6BFFF /* Release */ = {
			isa = XCBuildConfiguration;
			buildSettings = {
				ALWAYS_SEARCH_USER_PATHS = NO;
				CLANG_ANALYZER_NONNULL = YES;
				CLANG_ANALYZER_NUMBER_OBJECT_CONVERSION = YES_AGGRESSIVE;
				CLANG_CXX_LANGUAGE_STANDARD = "gnu++14";
				CLANG_CXX_LIBRARY = "libc++";
				CLANG_ENABLE_MODULES = YES;
				CLANG_ENABLE_OBJC_ARC = YES;
				CLANG_ENABLE_OBJC_WEAK = YES;
				CLANG_WARN_BLOCK_CAPTURE_AUTORELEASING = YES;
				CLANG_WARN_BOOL_CONVERSION = YES;
				CLANG_WARN_COMMA = YES;
				CLANG_WARN_CONSTANT_CONVERSION = YES;
				CLANG_WARN_DEPRECATED_OBJC_IMPLEMENTATIONS = YES;
				CLANG_WARN_DIRECT_OBJC_ISA_USAGE = YES_ERROR;
				CLANG_WARN_DOCUMENTATION_COMMENTS = YES;
				CLANG_WARN_EMPTY_BODY = YES;
				CLANG_WARN_ENUM_CONVERSION = YES;
				CLANG_WARN_INFINITE_RECURSION = YES;
				CLANG_WARN_INT_CONVERSION = YES;
				CLANG_WARN_NON_LITERAL_NULL_CONVERSION = YES;
				CLANG_WARN_OBJC_IMPLICIT_RETAIN_SELF = YES;
				CLANG_WARN_OBJC_LITERAL_CONVERSION = YES;
				CLANG_WARN_OBJC_ROOT_CLASS = YES_ERROR;
				CLANG_WARN_RANGE_LOOP_ANALYSIS = YES;
				CLANG_WARN_STRICT_PROTOTYPES = YES;
				CLANG_WARN_SUSPICIOUS_MOVE = YES;
				CLANG_WARN_UNGUARDED_AVAILABILITY = YES_AGGRESSIVE;
				CLANG_WARN_UNREACHABLE_CODE = YES;
				CLANG_WARN__DUPLICATE_METHOD_MATCH = YES;
				CODE_SIGN_IDENTITY = "iPhone Developer";
				COPY_PHASE_STRIP = NO;
				DEBUG_INFORMATION_FORMAT = "dwarf-with-dsym";
				ENABLE_NS_ASSERTIONS = NO;
				ENABLE_STRICT_OBJC_MSGSEND = YES;
				GCC_C_LANGUAGE_STANDARD = gnu11;
				GCC_NO_COMMON_BLOCKS = YES;
				GCC_WARN_64_TO_32_BIT_CONVERSION = YES;
				GCC_WARN_ABOUT_RETURN_TYPE = YES_ERROR;
				GCC_WARN_UNDECLARED_SELECTOR = YES;
				GCC_WARN_UNINITIALIZED_AUTOS = YES_AGGRESSIVE;
				GCC_WARN_UNUSED_FUNCTION = YES;
				GCC_WARN_UNUSED_VARIABLE = YES;
				IPHONEOS_DEPLOYMENT_TARGET = 12.2;
				MTL_ENABLE_DEBUG_INFO = NO;
				MTL_FAST_MATH = YES;
				SDKROOT = iphoneos;
				SWIFT_COMPILATION_MODE = wholemodule;
				SWIFT_OPTIMIZATION_LEVEL = "-O";
				VALIDATE_PRODUCT = YES;
			};
			name = Release;
		};
		791D0FEB22CD99C700B6BFFF /* Debug */ = {
			isa = XCBuildConfiguration;
			buildSettings = {
				ASSETCATALOG_COMPILER_APPICON_NAME = AppIcon;
				CODE_SIGN_STYLE = Automatic;
				INFOPLIST_FILE = PresentingData/Info.plist;
				LD_RUNPATH_SEARCH_PATHS = (
					"$(inherited)",
					"@executable_path/Frameworks",
				);
				PRODUCT_BUNDLE_IDENTIFIER = com.dila.PresentingData;
				PRODUCT_NAME = "$(TARGET_NAME)";
				SWIFT_VERSION = 5.0;
				TARGETED_DEVICE_FAMILY = "1,2";
			};
			name = Debug;
		};
		791D0FEC22CD99C700B6BFFF /* Release */ = {
			isa = XCBuildConfiguration;
			buildSettings = {
				ASSETCATALOG_COMPILER_APPICON_NAME = AppIcon;
				CODE_SIGN_STYLE = Automatic;
				INFOPLIST_FILE = PresentingData/Info.plist;
				LD_RUNPATH_SEARCH_PATHS = (
					"$(inherited)",
					"@executable_path/Frameworks",
				);
				PRODUCT_BUNDLE_IDENTIFIER = com.dila.PresentingData;
				PRODUCT_NAME = "$(TARGET_NAME)";
				SWIFT_VERSION = 5.0;
				TARGETED_DEVICE_FAMILY = "1,2";
			};
			name = Release;
		};
/* End XCBuildConfiguration section */

/* Begin XCConfigurationList section */
		791D0FD322CD99C600B6BFFF /* Build configuration list for PBXProject "PresentingData" */ = {
			isa = XCConfigurationList;
			buildConfigurations = (
				791D0FE822CD99C700B6BFFF /* Debug */,
				791D0FE922CD99C700B6BFFF /* Release */,
			);
			defaultConfigurationIsVisible = 0;
			defaultConfigurationName = Release;
		};
		791D0FEA22CD99C700B6BFFF /* Build configuration list for PBXNativeTarget "PresentingData" */ = {
			isa = XCConfigurationList;
			buildConfigurations = (
				791D0FEB22CD99C700B6BFFF /* Debug */,
				791D0FEC22CD99C700B6BFFF /* Release */,
			);
			defaultConfigurationIsVisible = 0;
			defaultConfigurationName = Release;
		};
/* End XCConfigurationList section */
	};
	rootObject = 791D0FD022CD99C600B6BFFF /* Project object */;
}
